{
	"name": "@geislabs/website-markdown",
	"version": "0.0.157",
	"lockfileVersion": 2,
	"requires": true,
	"packages": {
		"": {
			"name": "@geislabs/website-markdown",
			"version": "0.0.130",
			"license": "ISC",
			"devDependencies": {
				"gray-matter": "^4.0.3",
				"js-yaml": "^4.1.0",
				"marked": "^2.0.7",
				"titleize": "^2.1.0"
			},
			"peerDependencies": {
				"react": "^17.0.2",
				"react-dom": "^17.0.2"
			}
		},
		"node_modules/argparse": {
			"version": "2.0.1",
			"resolved": "https://registry.npmjs.org/argparse/-/argparse-2.0.1.tgz",
			"integrity": "sha512-8+9WqebbFzpX9OR+Wa6O29asIogeRMzcGtAINdpMHHyAg10f05aSFVBbcEqGf/PXw1EjAZ+q2/bEBg3DvurK3Q==",
			"dev": true
		},
		"node_modules/esprima": {
			"version": "4.0.1",
			"resolved": "https://registry.npmjs.org/esprima/-/esprima-4.0.1.tgz",
			"integrity": "sha512-eGuFFw7Upda+g4p+QHvnW0RyTX/SVeJBDM/gCtMARO0cLuT2HcEKnTPvhjV6aGeqrCB/sbNop0Kszm0jsaWU4A==",
			"dev": true,
			"bin": {
				"esparse": "bin/esparse.js",
				"esvalidate": "bin/esvalidate.js"
			},
			"engines": {
				"node": ">=4"
			}
		},
		"node_modules/extend-shallow": {
			"version": "2.0.1",
			"resolved": "https://registry.npmjs.org/extend-shallow/-/extend-shallow-2.0.1.tgz",
			"integrity": "sha1-Ua99YUrZqfYQ6huvu5idaxxWiQ8=",
			"dev": true,
			"dependencies": {
				"is-extendable": "^0.1.0"
			},
			"engines": {
				"node": ">=0.10.0"
			}
		},
		"node_modules/gray-matter": {
			"version": "4.0.3",
			"resolved": "https://registry.npmjs.org/gray-matter/-/gray-matter-4.0.3.tgz",
			"integrity": "sha512-5v6yZd4JK3eMI3FqqCouswVqwugaA9r4dNZB1wwcmrD02QkV5H0y7XBQW8QwQqEaZY1pM9aqORSORhJRdNK44Q==",
			"dev": true,
			"dependencies": {
				"js-yaml": "^3.13.1",
				"kind-of": "^6.0.2",
				"section-matter": "^1.0.0",
				"strip-bom-string": "^1.0.0"
			},
			"engines": {
				"node": ">=6.0"
			}
		},
		"node_modules/gray-matter/node_modules/argparse": {
			"version": "1.0.10",
			"resolved": "https://registry.npmjs.org/argparse/-/argparse-1.0.10.tgz",
			"integrity": "sha512-o5Roy6tNG4SL/FOkCAN6RzjiakZS25RLYFrcMttJqbdd8BWrnA+fGz57iN5Pb06pvBGvl5gQ0B48dJlslXvoTg==",
			"dev": true,
			"dependencies": {
				"sprintf-js": "~1.0.2"
			}
		},
		"node_modules/gray-matter/node_modules/js-yaml": {
			"version": "3.14.1",
			"resolved": "https://registry.npmjs.org/js-yaml/-/js-yaml-3.14.1.tgz",
			"integrity": "sha512-okMH7OXXJ7YrN9Ok3/SXrnu4iX9yOk+25nqX4imS2npuvTYDmo/QEZoqwZkYaIDk3jVvBOTOIEgEhaLOynBS9g==",
			"dev": true,
			"dependencies": {
				"argparse": "^1.0.7",
				"esprima": "^4.0.0"
			},
			"bin": {
				"js-yaml": "bin/js-yaml.js"
			}
		},
		"node_modules/is-extendable": {
			"version": "0.1.1",
			"resolved": "https://registry.npmjs.org/is-extendable/-/is-extendable-0.1.1.tgz",
			"integrity": "sha1-YrEQ4omkcUGOPsNqYX1HLjAd/Ik=",
			"dev": true,
			"engines": {
				"node": ">=0.10.0"
			}
		},
		"node_modules/js-tokens": {
			"version": "4.0.0",
			"resolved": "https://registry.npmjs.org/js-tokens/-/js-tokens-4.0.0.tgz",
			"integrity": "sha512-RdJUflcE3cUzKiMqQgsCu06FPu9UdIJO0beYbPhHN4k6apgJtifcoCtT9bcxOpYBtpD2kCM6Sbzg4CausW/PKQ==",
			"peer": true
		},
		"node_modules/js-yaml": {
			"version": "4.1.0",
			"resolved": "https://registry.npmjs.org/js-yaml/-/js-yaml-4.1.0.tgz",
			"integrity": "sha512-wpxZs9NoxZaJESJGIZTyDEaYpl0FKSA+FB9aJiyemKhMwkxQg63h4T1KJgUGHpTqPDNRcmmYLugrRjJlBtWvRA==",
			"dev": true,
			"dependencies": {
				"argparse": "^2.0.1"
			},
			"bin": {
				"js-yaml": "bin/js-yaml.js"
			}
		},
		"node_modules/kind-of": {
			"version": "6.0.3",
			"resolved": "https://registry.npmjs.org/kind-of/-/kind-of-6.0.3.tgz",
			"integrity": "sha512-dcS1ul+9tmeD95T+x28/ehLgd9mENa3LsvDTtzm3vyBEO7RPptvAD+t44WVXaUjTBRcrpFeFlC8WCruUR456hw==",
			"dev": true,
			"engines": {
				"node": ">=0.10.0"
			}
		},
		"node_modules/loose-envify": {
			"version": "1.4.0",
			"resolved": "https://registry.npmjs.org/loose-envify/-/loose-envify-1.4.0.tgz",
			"integrity": "sha512-lyuxPGr/Wfhrlem2CL/UcnUc1zcqKAImBDzukY7Y5F/yQiNdko6+fRLevlw1HgMySw7f611UIY408EtxRSoK3Q==",
			"peer": true,
			"dependencies": {
				"js-tokens": "^3.0.0 || ^4.0.0"
			},
			"bin": {
				"loose-envify": "cli.js"
			}
		},
		"node_modules/marked": {
			"version": "2.0.7",
			"resolved": "https://registry.npmjs.org/marked/-/marked-2.0.7.tgz",
			"integrity": "sha512-BJXxkuIfJchcXOJWTT2DOL+yFWifFv2yGYOUzvXg8Qz610QKw+sHCvTMYwA+qWGhlA2uivBezChZ/pBy1tWdkQ==",
			"dev": true,
			"bin": {
				"marked": "bin/marked"
			},
			"engines": {
				"node": ">= 8.16.2"
			}
		},
		"node_modules/object-assign": {
			"version": "4.1.1",
			"resolved": "https://registry.npmjs.org/object-assign/-/object-assign-4.1.1.tgz",
			"integrity": "sha1-IQmtx5ZYh8/AXLvUQsrIv7s2CGM=",
			"peer": true,
			"engines": {
				"node": ">=0.10.0"
			}
		},
		"node_modules/react": {
			"version": "17.0.2",
			"resolved": "https://registry.npmjs.org/react/-/react-17.0.2.tgz",
			"integrity": "sha512-gnhPt75i/dq/z3/6q/0asP78D0u592D5L1pd7M8P+dck6Fu/jJeL6iVVK23fptSUZj8Vjf++7wXA8UNclGQcbA==",
			"peer": true,
			"dependencies": {
				"loose-envify": "^1.1.0",
				"object-assign": "^4.1.1"
			},
			"engines": {
				"node": ">=0.10.0"
			}
		},
		"node_modules/react-dom": {
			"version": "17.0.2",
			"resolved": "https://registry.npmjs.org/react-dom/-/react-dom-17.0.2.tgz",
			"integrity": "sha512-s4h96KtLDUQlsENhMn1ar8t2bEa+q/YAtj8pPPdIjPDGBDIVNsrD9aXNWqspUe6AzKCIG0C1HZZLqLV7qpOBGA==",
			"peer": true,
			"dependencies": {
				"loose-envify": "^1.1.0",
				"object-assign": "^4.1.1",
				"scheduler": "^0.20.2"
			},
			"peerDependencies": {
				"react": "17.0.2"
			}
		},
		"node_modules/scheduler": {
			"version": "0.20.2",
			"resolved": "https://registry.npmjs.org/scheduler/-/scheduler-0.20.2.tgz",
			"integrity": "sha512-2eWfGgAqqWFGqtdMmcL5zCMK1U8KlXv8SQFGglL3CEtd0aDVDWgeF/YoCmvln55m5zSk3J/20hTaSBeSObsQDQ==",
			"peer": true,
			"dependencies": {
				"loose-envify": "^1.1.0",
				"object-assign": "^4.1.1"
			}
		},
		"node_modules/section-matter": {
			"version": "1.0.0",
			"resolved": "https://registry.npmjs.org/section-matter/-/section-matter-1.0.0.tgz",
			"integrity": "sha512-vfD3pmTzGpufjScBh50YHKzEu2lxBWhVEHsNGoEXmCmn2hKGfeNLYMzCJpe8cD7gqX7TJluOVpBkAequ6dgMmA==",
			"dev": true,
			"dependencies": {
				"extend-shallow": "^2.0.1",
				"kind-of": "^6.0.0"
			},
			"engines": {
				"node": ">=4"
			}
		},
		"node_modules/sprintf-js": {
			"version": "1.0.3",
			"resolved": "https://registry.npmjs.org/sprintf-js/-/sprintf-js-1.0.3.tgz",
			"integrity": "sha1-BOaSb2YolTVPPdAVIDYzuFcpfiw=",
			"dev": true
		},
		"node_modules/strip-bom-string": {
			"version": "1.0.0",
			"resolved": "https://registry.npmjs.org/strip-bom-string/-/strip-bom-string-1.0.0.tgz",
			"integrity": "sha1-5SEekiQ2n7uB1jOi8ABE3IztrZI=",
			"dev": true,
			"engines": {
				"node": ">=0.10.0"
			}
		},
		"node_modules/titleize": {
			"version": "2.1.0",
			"resolved": "https://registry.npmjs.org/titleize/-/titleize-2.1.0.tgz",
			"integrity": "sha512-m+apkYlfiQTKLW+sI4vqUkwMEzfgEUEYSqljx1voUE3Wz/z1ZsxyzSxvH2X8uKVrOp7QkByWt0rA6+gvhCKy6g==",
			"dev": true,
			"engines": {
				"node": ">=6"
			}
		}
	},
	"dependencies": {
		"argparse": {
			"version": "2.0.1",
			"resolved": "https://registry.npmjs.org/argparse/-/argparse-2.0.1.tgz",
			"integrity": "sha512-8+9WqebbFzpX9OR+Wa6O29asIogeRMzcGtAINdpMHHyAg10f05aSFVBbcEqGf/PXw1EjAZ+q2/bEBg3DvurK3Q==",
			"dev": true
		},
		"esprima": {
			"version": "4.0.1",
			"resolved": "https://registry.npmjs.org/esprima/-/esprima-4.0.1.tgz",
			"integrity": "sha512-eGuFFw7Upda+g4p+QHvnW0RyTX/SVeJBDM/gCtMARO0cLuT2HcEKnTPvhjV6aGeqrCB/sbNop0Kszm0jsaWU4A==",
			"dev": true
		},
		"extend-shallow": {
			"version": "2.0.1",
			"resolved": "https://registry.npmjs.org/extend-shallow/-/extend-shallow-2.0.1.tgz",
			"integrity": "sha1-Ua99YUrZqfYQ6huvu5idaxxWiQ8=",
			"dev": true,
			"requires": {
				"is-extendable": "^0.1.0"
			}
		},
		"gray-matter": {
			"version": "4.0.3",
			"resolved": "https://registry.npmjs.org/gray-matter/-/gray-matter-4.0.3.tgz",
			"integrity": "sha512-5v6yZd4JK3eMI3FqqCouswVqwugaA9r4dNZB1wwcmrD02QkV5H0y7XBQW8QwQqEaZY1pM9aqORSORhJRdNK44Q==",
			"dev": true,
			"requires": {
				"js-yaml": "^3.13.1",
				"kind-of": "^6.0.2",
				"section-matter": "^1.0.0",
				"strip-bom-string": "^1.0.0"
			},
			"dependencies": {
				"argparse": {
					"version": "1.0.10",
					"resolved": "https://registry.npmjs.org/argparse/-/argparse-1.0.10.tgz",
					"integrity": "sha512-o5Roy6tNG4SL/FOkCAN6RzjiakZS25RLYFrcMttJqbdd8BWrnA+fGz57iN5Pb06pvBGvl5gQ0B48dJlslXvoTg==",
					"dev": true,
					"requires": {
						"sprintf-js": "~1.0.2"
					}
				},
				"js-yaml": {
					"version": "3.14.1",
					"resolved": "https://registry.npmjs.org/js-yaml/-/js-yaml-3.14.1.tgz",
					"integrity": "sha512-okMH7OXXJ7YrN9Ok3/SXrnu4iX9yOk+25nqX4imS2npuvTYDmo/QEZoqwZkYaIDk3jVvBOTOIEgEhaLOynBS9g==",
					"dev": true,
					"requires": {
						"argparse": "^1.0.7",
						"esprima": "^4.0.0"
					}
				}
			}
		},
		"is-extendable": {
			"version": "0.1.1",
			"resolved": "https://registry.npmjs.org/is-extendable/-/is-extendable-0.1.1.tgz",
			"integrity": "sha1-YrEQ4omkcUGOPsNqYX1HLjAd/Ik=",
			"dev": true
		},
		"js-tokens": {
			"version": "4.0.0",
			"resolved": "https://registry.npmjs.org/js-tokens/-/js-tokens-4.0.0.tgz",
			"integrity": "sha512-RdJUflcE3cUzKiMqQgsCu06FPu9UdIJO0beYbPhHN4k6apgJtifcoCtT9bcxOpYBtpD2kCM6Sbzg4CausW/PKQ==",
			"peer": true
		},
		"js-yaml": {
			"version": "4.1.0",
			"resolved": "https://registry.npmjs.org/js-yaml/-/js-yaml-4.1.0.tgz",
			"integrity": "sha512-wpxZs9NoxZaJESJGIZTyDEaYpl0FKSA+FB9aJiyemKhMwkxQg63h4T1KJgUGHpTqPDNRcmmYLugrRjJlBtWvRA==",
			"dev": true,
			"requires": {
				"argparse": "^2.0.1"
			}
		},
		"kind-of": {
			"version": "6.0.3",
			"resolved": "https://registry.npmjs.org/kind-of/-/kind-of-6.0.3.tgz",
			"integrity": "sha512-dcS1ul+9tmeD95T+x28/ehLgd9mENa3LsvDTtzm3vyBEO7RPptvAD+t44WVXaUjTBRcrpFeFlC8WCruUR456hw==",
			"dev": true
		},
		"loose-envify": {
			"version": "1.4.0",
			"resolved": "https://registry.npmjs.org/loose-envify/-/loose-envify-1.4.0.tgz",
			"integrity": "sha512-lyuxPGr/Wfhrlem2CL/UcnUc1zcqKAImBDzukY7Y5F/yQiNdko6+fRLevlw1HgMySw7f611UIY408EtxRSoK3Q==",
			"peer": true,
			"requires": {
				"js-tokens": "^3.0.0 || ^4.0.0"
			}
		},
		"marked": {
			"version": "2.0.7",
			"resolved": "https://registry.npmjs.org/marked/-/marked-2.0.7.tgz",
			"integrity": "sha512-BJXxkuIfJchcXOJWTT2DOL+yFWifFv2yGYOUzvXg8Qz610QKw+sHCvTMYwA+qWGhlA2uivBezChZ/pBy1tWdkQ==",
			"dev": true
		},
		"object-assign": {
			"version": "4.1.1",
			"resolved": "https://registry.npmjs.org/object-assign/-/object-assign-4.1.1.tgz",
			"integrity": "sha1-IQmtx5ZYh8/AXLvUQsrIv7s2CGM=",
			"peer": true
		},
		"react": {
			"version": "17.0.2",
			"resolved": "https://registry.npmjs.org/react/-/react-17.0.2.tgz",
			"integrity": "sha512-gnhPt75i/dq/z3/6q/0asP78D0u592D5L1pd7M8P+dck6Fu/jJeL6iVVK23fptSUZj8Vjf++7wXA8UNclGQcbA==",
			"peer": true,
			"requires": {
				"loose-envify": "^1.1.0",
				"object-assign": "^4.1.1"
			}
		},
		"react-dom": {
			"version": "17.0.2",
			"resolved": "https://registry.npmjs.org/react-dom/-/react-dom-17.0.2.tgz",
			"integrity": "sha512-s4h96KtLDUQlsENhMn1ar8t2bEa+q/YAtj8pPPdIjPDGBDIVNsrD9aXNWqspUe6AzKCIG0C1HZZLqLV7qpOBGA==",
			"peer": true,
			"requires": {
				"loose-envify": "^1.1.0",
				"object-assign": "^4.1.1",
				"scheduler": "^0.20.2"
			}
		},
		"scheduler": {
			"version": "0.20.2",
			"resolved": "https://registry.npmjs.org/scheduler/-/scheduler-0.20.2.tgz",
			"integrity": "sha512-2eWfGgAqqWFGqtdMmcL5zCMK1U8KlXv8SQFGglL3CEtd0aDVDWgeF/YoCmvln55m5zSk3J/20hTaSBeSObsQDQ==",
			"peer": true,
			"requires": {
				"loose-envify": "^1.1.0",
				"object-assign": "^4.1.1"
			}
		},
		"section-matter": {
			"version": "1.0.0",
			"resolved": "https://registry.npmjs.org/section-matter/-/section-matter-1.0.0.tgz",
			"integrity": "sha512-vfD3pmTzGpufjScBh50YHKzEu2lxBWhVEHsNGoEXmCmn2hKGfeNLYMzCJpe8cD7gqX7TJluOVpBkAequ6dgMmA==",
			"dev": true,
			"requires": {
				"extend-shallow": "^2.0.1",
				"kind-of": "^6.0.0"
			}
		},
		"sprintf-js": {
			"version": "1.0.3",
			"resolved": "https://registry.npmjs.org/sprintf-js/-/sprintf-js-1.0.3.tgz",
			"integrity": "sha1-BOaSb2YolTVPPdAVIDYzuFcpfiw=",
			"dev": true
		},
		"strip-bom-string": {
			"version": "1.0.0",
			"resolved": "https://registry.npmjs.org/strip-bom-string/-/strip-bom-string-1.0.0.tgz",
			"integrity": "sha1-5SEekiQ2n7uB1jOi8ABE3IztrZI=",
			"dev": true
		},
		"titleize": {
			"version": "2.1.0",
			"resolved": "https://registry.npmjs.org/titleize/-/titleize-2.1.0.tgz",
			"integrity": "sha512-m+apkYlfiQTKLW+sI4vqUkwMEzfgEUEYSqljx1voUE3Wz/z1ZsxyzSxvH2X8uKVrOp7QkByWt0rA6+gvhCKy6g==",
			"dev": true
		}
	}
}
